hash: 15cad0c1acd712b2435ad337080c970c0a028003d6722ba0cf862cee63b2fe06
updated: 2017-09-19T12:48:42.023434925-07:00
imports:
- name: git.apache.org/thrift.git
  version: 0dd823580c78a79ae9696eb9b3650e400fff140f
  subpackages:
  - lib/go/thrift
- name: github.com/Microsoft/go-winio
  version: 78439966b38d69bf38227fbf57ac8a6fee70f69a
- name: github.com/pkg/errors
  version: 645ef00459ed84a119197bfb8d8205042c6df63d
- name: github.com/stretchr/testify
  version: 69483b4bd14f5845b5a1e55bca19e954e827f1d0
  subpackages:
  - assert
  - require
testImports:
- name: github.com/davecgh/go-spew
  version: 04cdfd42973bb9c8589fd6a731800cf222fde1a9
  subpackages:
  - spew
- name: github.com/pmezard/go-difflib
  version: d8ed2627bdf02c080bf22230dbb337003b7aba2d
  subpackages:
  - difflib
