hash: f1a4c4e166783b31fcca7b40cb6fbdf79d973fd0c26a54ae479e2e66af866ab9
updated: 2017-06-22T10:33:47.094547644-04:00
imports:
- name: git.apache.org/thrift.git
  version: b8ee72de5bf9318d50846852082325d0f932682b
  subpackages:
  - lib/go/thrift
- name: github.com/pkg/errors
  version: 645ef00459ed84a119197bfb8d8205042c6df63d
- name: github.com/stretchr/testify
  version: 69483b4bd14f5845b5a1e55bca19e954e827f1d0
  subpackages:
  - assert
testImports:
- name: github.com/davecgh/go-spew
  version: 6d212800a42e8ab5c146b8ace3490ee17e5225f9
  subpackages:
  - spew
- name: github.com/pmezard/go-difflib
  version: d8ed2627bdf02c080bf22230dbb337003b7aba2d
  subpackages:
  - difflib
