hash: 31b2fe29e4396e62453fafb1618baf7f893debf45b62417995ec6d75321f5a41
updated: 2017-05-31T10:04:03.938325301-07:00
imports:
- name: git.apache.org/thrift.git
  version: 891852bb99ce0e280f55ccdb20c5c4be2d14a2ee
  repo: git@github.com:kolide/thrift.git
  subpackages:
  - lib/go/thrift
- name: github.com/pkg/errors
  version: 645ef00459ed84a119197bfb8d8205042c6df63d
testImports: []
